
Microsoft Visual Studio Solution File, Format Version 12.00
# Visual Studio Version 18
VisualStudioVersion = 18.6.11828.311 oobstable
MinimumVisualStudioVersion = 10.0.40219.1
Project("{FAE04EC0-301F-11D3-BF4B-00C04F79EFBC}") = "PulseClock", "PulseClock.csproj", "{93FDB9A4-7D78-55B2-DFEE-8CC371BA8147}"
EndProject
Global
	GlobalSection(SolutionConfigurationPlatforms) = preSolution
		Debug|Any CPU = Debug|Any CPU
		Release|Any CPU = Release|Any CPU
	EndGlobalSection
	GlobalSection(ProjectConfigurationPlatforms) = postSolution
		{93FDB9A4-7D78-55B2-DFEE-8CC371BA8147}.Debug|Any CPU.ActiveCfg = Debug|Any CPU
		{93FDB9A4-7D78-55B2-DFEE-8CC371BA8147}.Debug|Any CPU.Build.0 = Debug|Any CPU
		{93FDB9A4-7D78-55B2-DFEE-8CC371BA8147}.Release|Any CPU.ActiveCfg = Release|Any CPU
		{93FDB9A4-7D78-55B2-DFEE-8CC371BA8147}.Release|Any CPU.Build.0 = Release|Any CPU
	EndGlobalSection
	GlobalSection(SolutionProperties) = preSolution
		HideSolutionNode = FALSE
	EndGlobalSection
	GlobalSection(ExtensibilityGlobals) = postSolution
		SolutionGuid = {04D182DE-D413-4511-A7C8-346073EA2AE8}
	EndGlobalSection
EndGlobal
